
Microsoft Visual Studio Solution File, Format Version 12.00
# Visual Studio 15
VisualStudioVersion = 15.0.28307.438
MinimumVisualStudioVersion = 10.0.40219.1
Project("{FAE04EC0-301F-11D3-BF4B-00C04F79EFBC}") = "StarWars", "StarWars\StarWars.csproj", "{AFAECAC3-6815-4EE7-87A9-30E72820BCFA}"
EndProject
Global
	GlobalSection(SolutionConfigurationPlatforms) = preSolution
		Debug|Any CPU = Debug|Any CPU
		Release|Any CPU = Release|Any CPU
	EndGlobalSection
	GlobalSection(ProjectConfigurationPlatforms) = postSolution
		{AFAECAC3-6815-4EE7-87A9-30E72820BCFA}.Debug|Any CPU.ActiveCfg = Debug|Any CPU
		{AFAECAC3-6815-4EE7-87A9-30E72820BCFA}.Debug|Any CPU.Build.0 = Debug|Any CPU
		{AFAECAC3-6815-4EE7-87A9-30E72820BCFA}.Release|Any CPU.ActiveCfg = Release|Any CPU
		{AFAECAC3-6815-4EE7-87A9-30E72820BCFA}.Release|Any CPU.Build.0 = Release|Any CPU
	EndGlobalSection
	GlobalSection(SolutionProperties) = preSolution
		HideSolutionNode = FALSE
	EndGlobalSection
	GlobalSection(ExtensibilityGlobals) = postSolution
		SolutionGuid = {98CA6D04-2090-471A-932F-95DD2BC3A38E}
	EndGlobalSection
EndGlobal
